github.com/creasty/defaults v1.6.0 h1:ltuE9cfphUtlrBeomuu8PEyISTXnxqkBIoQfXgv7BSc=
github.com/creasty/defaults v1.6.0/go.mod h1:iGzKe6pbEHnpMPtfDXZEr0NVxWnPTjb1bbDy08fPzYM=
github.com/davecgh/go-spew v1.1.1 h1:vj9j/u1bqnvCEfJOwUhtlOARqs3+rkHYY13jYWTU97c=
github.com/davecgh/go-spew v1.1.1/go.mod h1:J7Y8YcW2NihsgmVo/mv3lAwl/skON4iLHjSsI+c5H38=
github.com/pmezard/go-difflib v1.0.0 h1:4DBwDE0NGyQoBHbLQYPwSUPoCMWR5BEzIk/f1lZbAQM=
github.com/skill215/go-smpp v0.0.0-20220608133915-343e30c335c9 h1:2p4jZRwRtncgJrJyRtBqSdOayjQ8Yk42OoT6vXJn51E=
github.com/skill215/go-smpp v0.0.0-20220608133915-343e30c335c9/go.mod h1:M+oEOzJGEleRlEJyNd9CSTEw4wK7UYuUpt5lHzm2czE=
github.com/stretchr/testify v1.7.1 h1:5TQK59W5E3v0r2duFAb7P95B6hEeOyEnHRa8MjYSMTY=
golang.org/x/text v0.3.7 h1:olpwvP2KacW1ZWvsR7uQhoyTYvKAupfQrRGBFM352Gk=
golang.org/x/text v0.3.7/go.mod h1:u+2+/6zg+i71rQMx5EYifcz6MCKuco9NR6JIITiCfzQ=
golang.org/x/time v0.0.0-20220411224347-583f2d630306 h1:+gHMid33q6pen7kv9xvT+JRinntgeXO2AeZVd0AWD3w=
gopkg.in/check.v1 v0.0.0-20161208181325-20d25e280405 h1:yhCVgyC4o1eVCa2tZl7eS0r+SDo693bJlVdllGtEeKM=
gopkg.in/check.v1 v0.0.0-20161208181325-20d25e280405/go.mod h1:Co6ibVJAznAaIkqp8huTwlJQCZ016jof/cbN4VW5Yz0=
gopkg.in/yaml.v3 v3.0.1 h1:fxVm/GzAzEWqLHuvctI91KS9hhNmmWOoWu0XTYJS7CA=
gopkg.in/yaml.v3 v3.0.1/go.mod h1:K4uyk7z7BCEPqu6E+C64Yfv1cQ7kz7rIZviUmN+EgEM=
